
Microsoft Visual Studio Solution File, Format Version 12.00
# Visual Studio 15
Project("{FAE04EC0-301F-11D3-BF4B-00C04F79EFBC}") = "Interfaces", "Interfaces.csproj", "{885D5E71-AE05-432E-9A32-EEDAFDE3BE0A}"
EndProject
Global
	GlobalSection(SolutionConfigurationPlatforms) = preSolution
		Debug|anycpu = Debug|anycpu
		Release|anycpu = Release|anycpu
	EndGlobalSection
	GlobalSection(ProjectConfigurationPlatforms) = postSolution
		{885D5E71-AE05-432E-9A32-EEDAFDE3BE0A}.Debug|anycpu.ActiveCfg = Debug|anycpu
		{885D5E71-AE05-432E-9A32-EEDAFDE3BE0A}.Debug|anycpu.Build.0 = Debug|anycpu
		{885D5E71-AE05-432E-9A32-EEDAFDE3BE0A}.Release|anycpu.ActiveCfg = Release|anycpu
		{885D5E71-AE05-432E-9A32-EEDAFDE3BE0A}.Release|anycpu.Build.0 = Release|anycpu
	EndGlobalSection
EndGlobal
