
Microsoft Visual Studio Solution File, Format Version 12.00
# Visual Studio 15
Project("{FAE04EC0-301F-11D3-BF4B-00C04F79EFBC}") = "AccessModifiers", "AccessModifiers.csproj", "{1BBC59ED-FABB-46B0-8F6E-BBC4C3D12C4F}"
EndProject
Global
	GlobalSection(SolutionConfigurationPlatforms) = preSolution
		Debug|anycpu = Debug|anycpu
		Release|anycpu = Release|anycpu
	EndGlobalSection
	GlobalSection(ProjectConfigurationPlatforms) = postSolution
		{1BBC59ED-FABB-46B0-8F6E-BBC4C3D12C4F}.Debug|anycpu.ActiveCfg = Debug|anycpu
		{1BBC59ED-FABB-46B0-8F6E-BBC4C3D12C4F}.Debug|anycpu.Build.0 = Debug|anycpu
		{1BBC59ED-FABB-46B0-8F6E-BBC4C3D12C4F}.Release|anycpu.ActiveCfg = Release|anycpu
		{1BBC59ED-FABB-46B0-8F6E-BBC4C3D12C4F}.Release|anycpu.Build.0 = Release|anycpu
	EndGlobalSection
EndGlobal
